
Microsoft Visual Studio Solution File, Format Version 12.00
# Visual Studio Version 17
VisualStudioVersion = 17.10.35122.118
MinimumVisualStudioVersion = 10.0.40219.1
Project("{FAE04EC0-301F-11D3-BF4B-00C04F79EFBC}") = "!063_PBO_TugasAbstraction", "!063_PBO_TugasAbstraction\!063_PBO_TugasAbstraction.csproj", "{C88D3A10-273E-46E2-9EDB-D7E4B391AEFA}"
EndProject
Global
	GlobalSection(SolutionConfigurationPlatforms) = preSolution
		Debug|Any CPU = Debug|Any CPU
		Release|Any CPU = Release|Any CPU
	EndGlobalSection
	GlobalSection(ProjectConfigurationPlatforms) = postSolution
		{C88D3A10-273E-46E2-9EDB-D7E4B391AEFA}.Debug|Any CPU.ActiveCfg = Debug|Any CPU
		{C88D3A10-273E-46E2-9EDB-D7E4B391AEFA}.Debug|Any CPU.Build.0 = Debug|Any CPU
		{C88D3A10-273E-46E2-9EDB-D7E4B391AEFA}.Release|Any CPU.ActiveCfg = Release|Any CPU
		{C88D3A10-273E-46E2-9EDB-D7E4B391AEFA}.Release|Any CPU.Build.0 = Release|Any CPU
	EndGlobalSection
	GlobalSection(SolutionProperties) = preSolution
		HideSolutionNode = FALSE
	EndGlobalSection
	GlobalSection(ExtensibilityGlobals) = postSolution
		SolutionGuid = {AD8B98FE-F7A2-4C87-BC26-56372C4C02CF}
	EndGlobalSection
EndGlobal
